
Microsoft Visual Studio Solution File, Format Version 12.00
# Visual Studio 15
VisualStudioVersion = 15.0.28307.136
MinimumVisualStudioVersion = 10.0.40219.1
Project("{FAE04EC0-301F-11D3-BF4B-00C04F79EFBC}") = "test03", "test03\test03.csproj", "{3B09D3A3-D4F1-43C2-87E9-4D6EAB03BB09}"
EndProject
Global
	GlobalSection(SolutionConfigurationPlatforms) = preSolution
		Debug|Any CPU = Debug|Any CPU
		Release|Any CPU = Release|Any CPU
	EndGlobalSection
	GlobalSection(ProjectConfigurationPlatforms) = postSolution
		{3B09D3A3-D4F1-43C2-87E9-4D6EAB03BB09}.Debug|Any CPU.ActiveCfg = Debug|Any CPU
		{3B09D3A3-D4F1-43C2-87E9-4D6EAB03BB09}.Debug|Any CPU.Build.0 = Debug|Any CPU
		{3B09D3A3-D4F1-43C2-87E9-4D6EAB03BB09}.Release|Any CPU.ActiveCfg = Release|Any CPU
		{3B09D3A3-D4F1-43C2-87E9-4D6EAB03BB09}.Release|Any CPU.Build.0 = Release|Any CPU
	EndGlobalSection
	GlobalSection(SolutionProperties) = preSolution
		HideSolutionNode = FALSE
	EndGlobalSection
	GlobalSection(ExtensibilityGlobals) = postSolution
		SolutionGuid = {F0753680-7AE6-4D2E-A222-DE8B7AC76C01}
	EndGlobalSection
EndGlobal
